// !$*UTF8*$!
{
	archiveVersion = 1;
	classes = {
	};
	objectVersion = 55;
	objects = {

/* Begin PBXBuildFile section */
		3AA0562927677F3800F99412 /* PaletteViewModel.swift in Sources */ = {isa = PBXBuildFile; fileRef = 3AA0562827677F3800F99412 /* PaletteViewModel.swift */; };
		3AFD1FA72761FF34006A849B /* EmojiArtApp.swift in Sources */ = {isa = PBXBuildFile; fileRef = 3AFD1FA62761FF34006A849B /* EmojiArtApp.swift */; };
		3AFD1FA92761FF34006A849B /* EmojiArtDocumentView.swift in Sources */ = {isa = PBXBuildFile; fileRef = 3AFD1FA82761FF34006A849B /* EmojiArtDocumentView.swift */; };
		3AFD1FAB2761FF35006A849B /* Assets.xcassets in Resources */ = {isa = PBXBuildFile; fileRef = 3AFD1FAA2761FF35006A849B /* Assets.xcassets */; };
		3AFD1FAE2761FF35006A849B /* Preview Assets.xcassets in Resources */ = {isa = PBXBuildFile; fileRef = 3AFD1FAD2761FF35006A849B /* Preview Assets.xcassets */; };
		3AFD1FB62761FF55006A849B /* EmojiArtModel.swift in Sources */ = {isa = PBXBuildFile; fileRef = 3AFD1FB52761FF55006A849B /* EmojiArtModel.swift */; };
		3AFD1FB927620440006A849B /* EmojiArtModel+Background.swift in Sources */ = {isa = PBXBuildFile; fileRef = 3AFD1FB827620440006A849B /* EmojiArtModel+Background.swift */; };
		3AFD1FBD276206F0006A849B /* EmojiArtDocumentViewModel.swift in Sources */ = {isa = PBXBuildFile; fileRef = 3AFD1FBC276206F0006A849B /* EmojiArtDocumentViewModel.swift */; };
		3AFD1FC327632F78006A849B /* UtilityViews.swift in Sources */ = {isa = PBXBuildFile; fileRef = 3AFD1FC127632F78006A849B /* UtilityViews.swift */; };
		3AFD1FC427632F78006A849B /* UtilityExtensions.swift in Sources */ = {isa = PBXBuildFile; fileRef = 3AFD1FC227632F78006A849B /* UtilityExtensions.swift */; };
/* End PBXBuildFile section */

/* Begin PBXFileReference section */
		3AA0562827677F3800F99412 /* PaletteViewModel.swift */ = {isa = PBXFileReference; lastKnownFileType = sourcecode.swift; path = PaletteViewModel.swift; sourceTree = "<group>"; };
		3AFD1FA32761FF34006A849B /* EmojiArt.app */ = {isa = PBXFileReference; explicitFileType = wrapper.application; includeInIndex = 0; path = EmojiArt.app; sourceTree = BUILT_PRODUCTS_DIR; };
		3AFD1FA62761FF34006A849B /* EmojiArtApp.swift */ = {isa = PBXFileReference; lastKnownFileType = sourcecode.swift; path = EmojiArtApp.swift; sourceTree = "<group>"; };
		3AFD1FA82761FF34006A849B /* EmojiArtDocumentView.swift */ = {isa = PBXFileReference; lastKnownFileType = sourcecode.swift; path = EmojiArtDocumentView.swift; sourceTree = "<group>"; };
		3AFD1FAA2761FF35006A849B /* Assets.xcassets */ = {isa = PBXFileReference; lastKnownFileType = folder.assetcatalog; path = Assets.xcassets; sourceTree = "<group>"; };
		3AFD1FAD2761FF35006A849B /* Preview Assets.xcassets */ = {isa = PBXFileReference; lastKnownFileType = folder.assetcatalog; path = "Preview Assets.xcassets"; sourceTree = "<group>"; };
		3AFD1FB52761FF55006A849B /* EmojiArtModel.swift */ = {isa = PBXFileReference; lastKnownFileType = sourcecode.swift; path = EmojiArtModel.swift; sourceTree = "<group>"; };
		3AFD1FB827620440006A849B /* EmojiArtModel+Background.swift */ = {isa = PBXFileReference; lastKnownFileType = sourcecode.swift; path = "EmojiArtModel+Background.swift"; sourceTree = "<group>"; };
		3AFD1FBC276206F0006A849B /* EmojiArtDocumentViewModel.swift */ = {isa = PBXFileReference; lastKnownFileType = sourcecode.swift; path = EmojiArtDocumentViewModel.swift; sourceTree = "<group>"; };
		3AFD1FC127632F78006A849B /* UtilityViews.swift */ = {isa = PBXFileReference; fileEncoding = 4; lastKnownFileType = sourcecode.swift; path = UtilityViews.swift; sourceTree = "<group>"; };
		3AFD1FC227632F78006A849B /* UtilityExtensions.swift */ = {isa = PBXFileReference; fileEncoding = 4; lastKnownFileType = sourcecode.swift; path = UtilityExtensions.swift; sourceTree = "<group>"; };
/* End PBXFileReference section */

/* Begin PBXFrameworksBuildPhase section */
		3AFD1FA02761FF34006A849B /* Frameworks */ = {
			isa = PBXFrameworksBuildPhase;
			buildActionMask = 2147483647;
			files = (
			);
			runOnlyForDeploymentPostprocessing = 0;
		};
/* End PBXFrameworksBuildPhase section */

/* Begin PBXGroup section */
		3AFD1F9A2761FF34006A849B = {
			isa = PBXGroup;
			children = (
				3AFD1FA52761FF34006A849B /* EmojiArt */,
				3AFD1FA42761FF34006A849B /* Products */,
			);
			sourceTree = "<group>";
		};
		3AFD1FA42761FF34006A849B /* Products */ = {
			isa = PBXGroup;
			children = (
				3AFD1FA32761FF34006A849B /* EmojiArt.app */,
			);
			name = Products;
			sourceTree = "<group>";
		};
		3AFD1FA52761FF34006A849B /* EmojiArt */ = {
			isa = PBXGroup;
			children = (
				3AFD1FC027632F5C006A849B /* Extensions+Stanford */,
				3AFD1FB42761FF43006A849B /* Models */,
				3AA0562827677F3800F99412 /* PaletteViewModel.swift */,
				3AFD1FBC276206F0006A849B /* EmojiArtDocumentViewModel.swift */,
				3AFD1FA82761FF34006A849B /* EmojiArtDocumentView.swift */,
				3AFD1FA62761FF34006A849B /* EmojiArtApp.swift */,
				3AFD1FAA2761FF35006A849B /* Assets.xcassets */,
				3AFD1FAC2761FF35006A849B /* Preview Content */,
			);
			path = EmojiArt;
			sourceTree = "<group>";
		};
		3AFD1FAC2761FF35006A849B /* Preview Content */ = {
			isa = PBXGroup;
			children = (
				3AFD1FAD2761FF35006A849B /* Preview Assets.xcassets */,
			);
			path = "Preview Content";
			sourceTree = "<group>";
		};
		3AFD1FB42761FF43006A849B /* Models */ = {
			isa = PBXGroup;
			children = (
				3AFD1FB72762042C006A849B /* EmojiArtModel */,
			);
			path = Models;
			sourceTree = "<group>";
		};
		3AFD1FB72762042C006A849B /* EmojiArtModel */ = {
			isa = PBXGroup;
			children = (
				3AFD1FB52761FF55006A849B /* EmojiArtModel.swift */,
				3AFD1FB827620440006A849B /* EmojiArtModel+Background.swift */,
			);
			path = EmojiArtModel;
			sourceTree = "<group>";
		};
		3AFD1FC027632F5C006A849B /* Extensions+Stanford */ = {
			isa = PBXGroup;
			children = (
				3AFD1FC227632F78006A849B /* UtilityExtensions.swift */,
				3AFD1FC127632F78006A849B /* UtilityViews.swift */,
			);
			path = "Extensions+Stanford";
			sourceTree = "<group>";
		};
/* End PBXGroup section */

/* Begin PBXNativeTarget section */
		3AFD1FA22761FF34006A849B /* EmojiArt */ = {
			isa = PBXNativeTarget;
			buildConfigurationList = 3AFD1FB12761FF35006A849B /* Build configuration list for PBXNativeTarget "EmojiArt" */;
			buildPhases = (
				3AFD1F9F2761FF34006A849B /* Sources */,
				3AFD1FA02761FF34006A849B /* Frameworks */,
				3AFD1FA12761FF34006A849B /* Resources */,
			);
			buildRules = (
			);
			dependencies = (
			);
			name = EmojiArt;
			productName = EmojiArt;
			productReference = 3AFD1FA32761FF34006A849B /* EmojiArt.app */;
			productType = "com.apple.product-type.application";
		};
/* End PBXNativeTarget section */

/* Begin PBXProject section */
		3AFD1F9B2761FF34006A849B /* Project object */ = {
			isa = PBXProject;
			attributes = {
				BuildIndependentTargetsInParallel = 1;
				LastSwiftUpdateCheck = 1310;
				LastUpgradeCheck = 1310;
				TargetAttributes = {
					3AFD1FA22761FF34006A849B = {
						CreatedOnToolsVersion = 13.1;
					};
				};
			};
			buildConfigurationList = 3AFD1F9E2761FF34006A849B /* Build configuration list for PBXProject "EmojiArt" */;
			compatibilityVersion = "Xcode 13.0";
			developmentRegion = en;
			hasScannedForEncodings = 0;
			knownRegions = (
				en,
				Base,
			);
			mainGroup = 3AFD1F9A2761FF34006A849B;
			productRefGroup = 3AFD1FA42761FF34006A849B /* Products */;
			projectDirPath = "";
			projectRoot = "";
			targets = (
				3AFD1FA22761FF34006A849B /* EmojiArt */,
			);
		};
/* End PBXProject section */

/* Begin PBXResourcesBuildPhase section */
		3AFD1FA12761FF34006A849B /* Resources */ = {
			isa = PBXResourcesBuildPhase;
			buildActionMask = 2147483647;
			files = (
				3AFD1FAE2761FF35006A849B /* Preview Assets.xcassets in Resources */,
				3AFD1FAB2761FF35006A849B /* Assets.xcassets in Resources */,
			);
			runOnlyForDeploymentPostprocessing = 0;
		};
/* End PBXResourcesBuildPhase section */

/* Begin PBXSourcesBuildPhase section */
		3AFD1F9F2761FF34006A849B /* Sources */ = {
			isa = PBXSourcesBuildPhase;
			buildActionMask = 2147483647;
			files = (
				3AFD1FC327632F78006A849B /* UtilityViews.swift in Sources */,
				3AFD1FA92761FF34006A849B /* EmojiArtDocumentView.swift in Sources */,
				3AFD1FA72761FF34006A849B /* EmojiArtApp.swift in Sources */,
				3AFD1FB62761FF55006A849B /* EmojiArtModel.swift in Sources */,
				3AA0562927677F3800F99412 /* PaletteViewModel.swift in Sources */,
				3AFD1FBD276206F0006A849B /* EmojiArtDocumentViewModel.swift in Sources */,
				3AFD1FC427632F78006A849B /* UtilityExtensions.swift in Sources */,
				3AFD1FB927620440006A849B /* EmojiArtModel+Background.swift in Sources */,
			);
			runOnlyForDeploymentPostprocessing = 0;
		};
/* End PBXSourcesBuildPhase section */

/* Begin XCBuildConfiguration section */
		3AFD1FAF2761FF35006A849B /* Debug */ = {
			isa = XCBuildConfiguration;
			buildSettings = {
				ALWAYS_SEARCH_USER_PATHS = NO;
				CLANG_ANALYZER_NONNULL = YES;
				CLANG_ANALYZER_NUMBER_OBJECT_CONVERSION = YES_AGGRESSIVE;
				CLANG_CXX_LANGUAGE_STANDARD = "gnu++17";
				CLANG_CXX_LIBRARY = "libc++";
				CLANG_ENABLE_MODULES = YES;
				CLANG_ENABLE_OBJC_ARC = YES;
				CLANG_ENABLE_OBJC_WEAK = YES;
				CLANG_WARN_BLOCK_CAPTURE_AUTORELEASING = YES;
				CLANG_WARN_BOOL_CONVERSION = YES;
				CLANG_WARN_COMMA = YES;
				CLANG_WARN_CONSTANT_CONVERSION = YES;
				CLANG_WARN_DEPRECATED_OBJC_IMPLEMENTATIONS = YES;
				CLANG_WARN_DIRECT_OBJC_ISA_USAGE = YES_ERROR;
				CLANG_WARN_DOCUMENTATION_COMMENTS = YES;
				CLANG_WARN_EMPTY_BODY = YES;
				CLANG_WARN_ENUM_CONVERSION = YES;
				CLANG_WARN_INFINITE_RECURSION = YES;
				CLANG_WARN_INT_CONVERSION = YES;
				CLANG_WARN_NON_LITERAL_NULL_CONVERSION = YES;
				CLANG_WARN_OBJC_IMPLICIT_RETAIN_SELF = YES;
				CLANG_WARN_OBJC_LITERAL_CONVERSION = YES;
				CLANG_WARN_OBJC_ROOT_CLASS = YES_ERROR;
				CLANG_WARN_QUOTED_INCLUDE_IN_FRAMEWORK_HEADER = YES;
				CLANG_WARN_RANGE_LOOP_ANALYSIS = YES;
				CLANG_WARN_STRICT_PROTOTYPES = YES;
				CLANG_WARN_SUSPICIOUS_MOVE = YES;
				CLANG_WARN_UNGUARDED_AVAILABILITY = YES_AGGRESSIVE;
				CLANG_WARN_UNREACHABLE_CODE = YES;
				CLANG_WARN__DUPLICATE_METHOD_MATCH = YES;
				COPY_PHASE_STRIP = NO;
				DEBUG_INFORMATION_FORMAT = dwarf;
				ENABLE_STRICT_OBJC_MSGSEND = YES;
				ENABLE_TESTABILITY = YES;
				GCC_C_LANGUAGE_STANDARD = gnu11;
				GCC_DYNAMIC_NO_PIC = NO;
				GCC_NO_COMMON_BLOCKS = YES;
				GCC_OPTIMIZATION_LEVEL = 0;
				GCC_PREPROCESSOR_DEFINITIONS = (
					"DEBUG=1",
					"$(inherited)",
				);
				GCC_WARN_64_TO_32_BIT_CONVERSION = YES;
				GCC_WARN_ABOUT_RETURN_TYPE = YES_ERROR;
				GCC_WARN_UNDECLARED_SELECTOR = YES;
				GCC_WARN_UNINITIALIZED_AUTOS = YES_AGGRESSIVE;
				GCC_WARN_UNUSED_FUNCTION = YES;
				GCC_WARN_UNUSED_VARIABLE = YES;
				IPHONEOS_DEPLOYMENT_TARGET = 15.0;
				MTL_ENABLE_DEBUG_INFO = INCLUDE_SOURCE;
				MTL_FAST_MATH = YES;
				ONLY_ACTIVE_ARCH = YES;
				SDKROOT = iphoneos;
				SWIFT_ACTIVE_COMPILATION_CONDITIONS = DEBUG;
				SWIFT_OPTIMIZATION_LEVEL = "-Onone";
			};
			name = Debug;
		};
		3AFD1FB02761FF35006A849B /* Release */ = {
			isa = XCBuildConfiguration;
			buildSettings = {
				ALWAYS_SEARCH_USER_PATHS = NO;
				CLANG_ANALYZER_NONNULL = YES;
				CLANG_ANALYZER_NUMBER_OBJECT_CONVERSION = YES_AGGRESSIVE;
				CLANG_CXX_LANGUAGE_STANDARD = "gnu++17";
				CLANG_CXX_LIBRARY = "libc++";
				CLANG_ENABLE_MODULES = YES;
				CLANG_ENABLE_OBJC_ARC = YES;
				CLANG_ENABLE_OBJC_WEAK = YES;
				CLANG_WARN_BLOCK_CAPTURE_AUTORELEASING = YES;
				CLANG_WARN_BOOL_CONVERSION = YES;
				CLANG_WARN_COMMA = YES;
				CLANG_WARN_CONSTANT_CONVERSION = YES;
				CLANG_WARN_DEPRECATED_OBJC_IMPLEMENTATIONS = YES;
				CLANG_WARN_DIRECT_OBJC_ISA_USAGE = YES_ERROR;
				CLANG_WARN_DOCUMENTATION_COMMENTS = YES;
				CLANG_WARN_EMPTY_BODY = YES;
				CLANG_WARN_ENUM_CONVERSION = YES;
				CLANG_WARN_INFINITE_RECURSION = YES;
				CLANG_WARN_INT_CONVERSION = YES;
				CLANG_WARN_NON_LITERAL_NULL_CONVERSION = YES;
				CLANG_WARN_OBJC_IMPLICIT_RETAIN_SELF = YES;
				CLANG_WARN_OBJC_LITERAL_CONVERSION = YES;
				CLANG_WARN_OBJC_ROOT_CLASS = YES_ERROR;
				CLANG_WARN_QUOTED_INCLUDE_IN_FRAMEWORK_HEADER = YES;
				CLANG_WARN_RANGE_LOOP_ANALYSIS = YES;
				CLANG_WARN_STRICT_PROTOTYPES = YES;
				CLANG_WARN_SUSPICIOUS_MOVE = YES;
				CLANG_WARN_UNGUARDED_AVAILABILITY = YES_AGGRESSIVE;
				CLANG_WARN_UNREACHABLE_CODE = YES;
				CLANG_WARN__DUPLICATE_METHOD_MATCH = YES;
				COPY_PHASE_STRIP = NO;
				DEBUG_INFORMATION_FORMAT = "dwarf-with-dsym";
				ENABLE_NS_ASSERTIONS = NO;
				ENABLE_STRICT_OBJC_MSGSEND = YES;
				GCC_C_LANGUAGE_STANDARD = gnu11;
				GCC_NO_COMMON_BLOCKS = YES;
				GCC_WARN_64_TO_32_BIT_CONVERSION = YES;
				GCC_WARN_ABOUT_RETURN_TYPE = YES_ERROR;
				GCC_WARN_UNDECLARED_SELECTOR = YES;
				GCC_WARN_UNINITIALIZED_AUTOS = YES_AGGRESSIVE;
				GCC_WARN_UNUSED_FUNCTION = YES;
				GCC_WARN_UNUSED_VARIABLE = YES;
				IPHONEOS_DEPLOYMENT_TARGET = 15.0;
				MTL_ENABLE_DEBUG_INFO = NO;
				MTL_FAST_MATH = YES;
				SDKROOT = iphoneos;
				SWIFT_COMPILATION_MODE = wholemodule;
				SWIFT_OPTIMIZATION_LEVEL = "-O";
				VALIDATE_PRODUCT = YES;
			};
			name = Release;
		};
		3AFD1FB22761FF35006A849B /* Debug */ = {
			isa = XCBuildConfiguration;
			buildSettings = {
				ASSETCATALOG_COMPILER_APPICON_NAME = AppIcon;
				ASSETCATALOG_COMPILER_GLOBAL_ACCENT_COLOR_NAME = AccentColor;
				CODE_SIGN_STYLE = Automatic;
				CURRENT_PROJECT_VERSION = 1;
				DEVELOPMENT_ASSET_PATHS = "\"EmojiArt/Preview Content\"";
				DEVELOPMENT_TEAM = T9843BB379;
				ENABLE_PREVIEWS = YES;
				GENERATE_INFOPLIST_FILE = YES;
				INFOPLIST_KEY_UIApplicationSceneManifest_Generation = YES;
				INFOPLIST_KEY_UIApplicationSupportsIndirectInputEvents = YES;
				INFOPLIST_KEY_UILaunchScreen_Generation = YES;
				INFOPLIST_KEY_UISupportedInterfaceOrientations_iPad = "UIInterfaceOrientationPortrait UIInterfaceOrientationPortraitUpsideDown UIInterfaceOrientationLandscapeLeft UIInterfaceOrientationLandscapeRight";
				INFOPLIST_KEY_UISupportedInterfaceOrientations_iPhone = "UIInterfaceOrientationPortrait UIInterfaceOrientationLandscapeLeft UIInterfaceOrientationLandscapeRight";
				LD_RUNPATH_SEARCH_PATHS = (
					"$(inherited)",
					"@executable_path/Frameworks",
				);
				MARKETING_VERSION = 1.0;
				PRODUCT_BUNDLE_IDENTIFIER = com.kkarakamis.EmojiArt;
				PRODUCT_NAME = "$(TARGET_NAME)";
				SWIFT_EMIT_LOC_STRINGS = YES;
				SWIFT_VERSION = 5.0;
				TARGETED_DEVICE_FAMILY = "1,2";
			};
			name = Debug;
		};
		3AFD1FB32761FF35006A849B /* Release */ = {
			isa = XCBuildConfiguration;
			buildSettings = {
				ASSETCATALOG_COMPILER_APPICON_NAME = AppIcon;
				ASSETCATALOG_COMPILER_GLOBAL_ACCENT_COLOR_NAME = AccentColor;
				CODE_SIGN_STYLE = Automatic;
				CURRENT_PROJECT_VERSION = 1;
				DEVELOPMENT_ASSET_PATHS = "\"EmojiArt/Preview Content\"";
				DEVELOPMENT_TEAM = T9843BB379;
				ENABLE_PREVIEWS = YES;
				GENERATE_INFOPLIST_FILE = YES;
				INFOPLIST_KEY_UIApplicationSceneManifest_Generation = YES;
				INFOPLIST_KEY_UIApplicationSupportsIndirectInputEvents = YES;
				INFOPLIST_KEY_UILaunchScreen_Generation = YES;
				INFOPLIST_KEY_UISupportedInterfaceOrientations_iPad = "UIInterfaceOrientationPortrait UIInterfaceOrientationPortraitUpsideDown UIInterfaceOrientationLandscapeLeft UIInterfaceOrientationLandscapeRight";
				INFOPLIST_KEY_UISupportedInterfaceOrientations_iPhone = "UIInterfaceOrientationPortrait UIInterfaceOrientationLandscapeLeft UIInterfaceOrientationLandscapeRight";
				LD_RUNPATH_SEARCH_PATHS = (
					"$(inherited)",
					"@executable_path/Frameworks",
				);
				MARKETING_VERSION = 1.0;
				PRODUCT_BUNDLE_IDENTIFIER = com.kkarakamis.EmojiArt;
				PRODUCT_NAME = "$(TARGET_NAME)";
				SWIFT_EMIT_LOC_STRINGS = YES;
				SWIFT_VERSION = 5.0;
				TARGETED_DEVICE_FAMILY = "1,2";
			};
			name = Release;
		};
/* End XCBuildConfiguration section */

/* Begin XCConfigurationList section */
		3AFD1F9E2761FF34006A849B /* Build configuration list for PBXProject "EmojiArt" */ = {
			isa = XCConfigurationList;
			buildConfigurations = (
				3AFD1FAF2761FF35006A849B /* Debug */,
				3AFD1FB02761FF35006A849B /* Release */,
			);
			defaultConfigurationIsVisible = 0;
			defaultConfigurationName = Release;
		};
		3AFD1FB12761FF35006A849B /* Build configuration list for PBXNativeTarget "EmojiArt" */ = {
			isa = XCConfigurationList;
			buildConfigurations = (
				3AFD1FB22761FF35006A849B /* Debug */,
				3AFD1FB32761FF35006A849B /* Release */,
			);
			defaultConfigurationIsVisible = 0;
			defaultConfigurationName = Release;
		};
/* End XCConfigurationList section */
	};
	rootObject = 3AFD1F9B2761FF34006A849B /* Project object */;
}
